
Microsoft Visual Studio Solution File, Format Version 12.00
# Visual Studio Version 17
VisualStudioVersion = 17.0.32112.339
MinimumVisualStudioVersion = 10.0.40219.1
Project("{9A19103F-16F7-4668-BE54-9A1E7A4F7556}") = "CargoLoader.Domain", "cargoLoader.Domain\CargoLoader.Domain.csproj", "{BDBD8A33-8E17-45E2-B98D-D371979BFC94}"
EndProject
Project("{9A19103F-16F7-4668-BE54-9A1E7A4F7556}") = "CargoLoader.EntityFraemwork", "CargoLoader.EntityFraemwork\CargoLoader.EntityFraemwork.csproj", "{025C991A-171E-4713-83C4-97884EC92A41}"
EndProject
Project("{9A19103F-16F7-4668-BE54-9A1E7A4F7556}") = "CargoLoader.WPF", "CargoLoader.WPF\CargoLoader.WPF.csproj", "{56EE5381-0EC5-419A-BDCD-828FCA65FE13}"
EndProject
Project("{9A19103F-16F7-4668-BE54-9A1E7A4F7556}") = "CargoLoader.GalacentreAPI", "CargoLoader.GalacentreAPI\CargoLoader.GalacentreAPI.csproj", "{46C24CA7-D835-418F-AB8D-04789F6FD89B}"
EndProject
Project("{9A19103F-16F7-4668-BE54-9A1E7A4F7556}") = "ConsoleApp1", "ConsoleApp1\ConsoleApp1.csproj", "{235A6B4E-02B9-4CBD-BA7C-6D4CF29293AB}"
	ProjectSection(ProjectDependencies) = postProject
		{56EE5381-0EC5-419A-BDCD-828FCA65FE13} = {56EE5381-0EC5-419A-BDCD-828FCA65FE13}
	EndProjectSection
EndProject
Global
	GlobalSection(SolutionConfigurationPlatforms) = preSolution
		Debug|Any CPU = Debug|Any CPU
		Release|Any CPU = Release|Any CPU
	EndGlobalSection
	GlobalSection(ProjectConfigurationPlatforms) = postSolution
		{BDBD8A33-8E17-45E2-B98D-D371979BFC94}.Debug|Any CPU.ActiveCfg = Debug|Any CPU
		{BDBD8A33-8E17-45E2-B98D-D371979BFC94}.Debug|Any CPU.Build.0 = Debug|Any CPU
		{BDBD8A33-8E17-45E2-B98D-D371979BFC94}.Release|Any CPU.ActiveCfg = Release|Any CPU
		{BDBD8A33-8E17-45E2-B98D-D371979BFC94}.Release|Any CPU.Build.0 = Release|Any CPU
		{025C991A-171E-4713-83C4-97884EC92A41}.Debug|Any CPU.ActiveCfg = Debug|Any CPU
		{025C991A-171E-4713-83C4-97884EC92A41}.Debug|Any CPU.Build.0 = Debug|Any CPU
		{025C991A-171E-4713-83C4-97884EC92A41}.Release|Any CPU.ActiveCfg = Release|Any CPU
		{025C991A-171E-4713-83C4-97884EC92A41}.Release|Any CPU.Build.0 = Release|Any CPU
		{56EE5381-0EC5-419A-BDCD-828FCA65FE13}.Debug|Any CPU.ActiveCfg = Debug|Any CPU
		{56EE5381-0EC5-419A-BDCD-828FCA65FE13}.Debug|Any CPU.Build.0 = Debug|Any CPU
		{56EE5381-0EC5-419A-BDCD-828FCA65FE13}.Release|Any CPU.ActiveCfg = Release|Any CPU
		{56EE5381-0EC5-419A-BDCD-828FCA65FE13}.Release|Any CPU.Build.0 = Release|Any CPU
		{46C24CA7-D835-418F-AB8D-04789F6FD89B}.Debug|Any CPU.ActiveCfg = Debug|Any CPU
		{46C24CA7-D835-418F-AB8D-04789F6FD89B}.Debug|Any CPU.Build.0 = Debug|Any CPU
		{46C24CA7-D835-418F-AB8D-04789F6FD89B}.Release|Any CPU.ActiveCfg = Release|Any CPU
		{46C24CA7-D835-418F-AB8D-04789F6FD89B}.Release|Any CPU.Build.0 = Release|Any CPU
		{235A6B4E-02B9-4CBD-BA7C-6D4CF29293AB}.Debug|Any CPU.ActiveCfg = Debug|Any CPU
		{235A6B4E-02B9-4CBD-BA7C-6D4CF29293AB}.Debug|Any CPU.Build.0 = Debug|Any CPU
		{235A6B4E-02B9-4CBD-BA7C-6D4CF29293AB}.Release|Any CPU.ActiveCfg = Release|Any CPU
		{235A6B4E-02B9-4CBD-BA7C-6D4CF29293AB}.Release|Any CPU.Build.0 = Release|Any CPU
	EndGlobalSection
	GlobalSection(SolutionProperties) = preSolution
		HideSolutionNode = FALSE
	EndGlobalSection
	GlobalSection(ExtensibilityGlobals) = postSolution
		SolutionGuid = {A40431A0-25E6-4D17-A210-7B7D2702B2AC}
	EndGlobalSection
EndGlobal
